
Microsoft Visual Studio Solution File, Format Version 12.00
# Visual Studio Version 16
VisualStudioVersion = 16.0.29926.136
MinimumVisualStudioVersion = 10.0.40219.1
Project("{9A19103F-16F7-4668-BE54-9A1E7A4F7556}") = "ld46-entry", "ld46-entry.csproj", "{96A028E6-2D8E-4103-94CB-2101D857D559}"
EndProject
Global
	GlobalSection(SolutionConfigurationPlatforms) = preSolution
		Debug|Any CPU = Debug|Any CPU
		Release|Any CPU = Release|Any CPU
	EndGlobalSection
	GlobalSection(ProjectConfigurationPlatforms) = postSolution
		{96A028E6-2D8E-4103-94CB-2101D857D559}.Debug|Any CPU.ActiveCfg = Debug|Any CPU
		{96A028E6-2D8E-4103-94CB-2101D857D559}.Debug|Any CPU.Build.0 = Debug|Any CPU
		{96A028E6-2D8E-4103-94CB-2101D857D559}.Release|Any CPU.ActiveCfg = Release|Any CPU
		{96A028E6-2D8E-4103-94CB-2101D857D559}.Release|Any CPU.Build.0 = Release|Any CPU
	EndGlobalSection
	GlobalSection(SolutionProperties) = preSolution
		HideSolutionNode = FALSE
	EndGlobalSection
	GlobalSection(ExtensibilityGlobals) = postSolution
		SolutionGuid = {FEC2C2AD-1968-458F-8C6E-5208E5A91D5A}
	EndGlobalSection
EndGlobal
